
Microsoft Visual Studio Solution File, Format Version 12.00
# Visual Studio 15
VisualStudioVersion = 15.0.27428.2037
MinimumVisualStudioVersion = 10.0.40219.1
Project("{8BC9CEB8-8B4A-11D0-8D11-00A0C91BC942}") = "The isomorphism of the tree", "The isomorphism of the tree\The isomorphism of the tree.vcxproj", "{81BDDA4A-616D-4F90-A13F-68F2DE3B5485}"
EndProject
Global
	GlobalSection(SolutionConfigurationPlatforms) = preSolution
		Debug|x64 = Debug|x64
		Debug|x86 = Debug|x86
		Release|x64 = Release|x64
		Release|x86 = Release|x86
	EndGlobalSection
	GlobalSection(ProjectConfigurationPlatforms) = postSolution
		{81BDDA4A-616D-4F90-A13F-68F2DE3B5485}.Debug|x64.ActiveCfg = Debug|x64
		{81BDDA4A-616D-4F90-A13F-68F2DE3B5485}.Debug|x64.Build.0 = Debug|x64
		{81BDDA4A-616D-4F90-A13F-68F2DE3B5485}.Debug|x86.ActiveCfg = Debug|Win32
		{81BDDA4A-616D-4F90-A13F-68F2DE3B5485}.Debug|x86.Build.0 = Debug|Win32
		{81BDDA4A-616D-4F90-A13F-68F2DE3B5485}.Release|x64.ActiveCfg = Release|x64
		{81BDDA4A-616D-4F90-A13F-68F2DE3B5485}.Release|x64.Build.0 = Release|x64
		{81BDDA4A-616D-4F90-A13F-68F2DE3B5485}.Release|x86.ActiveCfg = Release|Win32
		{81BDDA4A-616D-4F90-A13F-68F2DE3B5485}.Release|x86.Build.0 = Release|Win32
	EndGlobalSection
	GlobalSection(SolutionProperties) = preSolution
		HideSolutionNode = FALSE
	EndGlobalSection
	GlobalSection(ExtensibilityGlobals) = postSolution
		SolutionGuid = {FC911B71-C6F3-43F8-AC6D-F19D241D7F9E}
	EndGlobalSection
EndGlobal
